
Microsoft Visual Studio Solution File, Format Version 12.00
# Visual Studio 15
VisualStudioVersion = 15.0.27130.2020
MinimumVisualStudioVersion = 10.0.40219.1
Project("{FAE04EC0-301F-11D3-BF4B-00C04F79EFBC}") = "DutchTreat", "DutchTreat\DutchTreat.csproj", "{F2045F02-8F99-4750-914A-04540678EED7}"
EndProject
Global
	GlobalSection(SolutionConfigurationPlatforms) = preSolution
		Debug|Any CPU = Debug|Any CPU
		Release|Any CPU = Release|Any CPU
	EndGlobalSection
	GlobalSection(ProjectConfigurationPlatforms) = postSolution
		{F2045F02-8F99-4750-914A-04540678EED7}.Debug|Any CPU.ActiveCfg = Debug|Any CPU
		{F2045F02-8F99-4750-914A-04540678EED7}.Debug|Any CPU.Build.0 = Debug|Any CPU
		{F2045F02-8F99-4750-914A-04540678EED7}.Release|Any CPU.ActiveCfg = Release|Any CPU
		{F2045F02-8F99-4750-914A-04540678EED7}.Release|Any CPU.Build.0 = Release|Any CPU
	EndGlobalSection
	GlobalSection(SolutionProperties) = preSolution
		HideSolutionNode = FALSE
	EndGlobalSection
	GlobalSection(ExtensibilityGlobals) = postSolution
		SolutionGuid = {29E19C8F-0B79-4737-92DC-4C462A81C3A2}
	EndGlobalSection
EndGlobal
